
Microsoft Visual Studio Solution File, Format Version 12.00
# Visual Studio 15
Project("{FAE04EC0-301F-11D3-BF4B-00C04F79EFBC}") = "Assembly-CSharp", "Assembly-CSharp.csproj", "{FB6C8AD7-4AE0-CF29-C7F2-B915565BA901}"
EndProject
Project("{FAE04EC0-301F-11D3-BF4B-00C04F79EFBC}") = "Assembly-CSharp-Editor", "Assembly-CSharp-Editor.csproj", "{D35E4DBD-F1D4-BFF3-8429-13FE53227A58}"
EndProject
Global
	GlobalSection(SolutionConfigurationPlatforms) = preSolution
		Debug|Any CPU = Debug|Any CPU
		Release|Any CPU = Release|Any CPU
	EndGlobalSection
	GlobalSection(ProjectConfigurationPlatforms) = postSolution
		{FB6C8AD7-4AE0-CF29-C7F2-B915565BA901}.Debug|Any CPU.ActiveCfg = Debug|Any CPU
		{FB6C8AD7-4AE0-CF29-C7F2-B915565BA901}.Debug|Any CPU.Build.0 = Debug|Any CPU
		{FB6C8AD7-4AE0-CF29-C7F2-B915565BA901}.Release|Any CPU.ActiveCfg = Release|Any CPU
		{FB6C8AD7-4AE0-CF29-C7F2-B915565BA901}.Release|Any CPU.Build.0 = Release|Any CPU
		{D35E4DBD-F1D4-BFF3-8429-13FE53227A58}.Debug|Any CPU.ActiveCfg = Debug|Any CPU
		{D35E4DBD-F1D4-BFF3-8429-13FE53227A58}.Debug|Any CPU.Build.0 = Debug|Any CPU
		{D35E4DBD-F1D4-BFF3-8429-13FE53227A58}.Release|Any CPU.ActiveCfg = Release|Any CPU
		{D35E4DBD-F1D4-BFF3-8429-13FE53227A58}.Release|Any CPU.Build.0 = Release|Any CPU
	EndGlobalSection
	GlobalSection(SolutionProperties) = preSolution
		HideSolutionNode = FALSE
	EndGlobalSection
EndGlobal
